// !$*UTF8*$!
{
	archiveVersion = 1;
	classes = {
	};
	objectVersion = 50;
	objects = {

/* Begin PBXBuildFile section */
		C5EF884623B1E7C00001F8DB /* AzurLaneSticker StickerPackExtension.appex in Embed App Extensions */ = {isa = PBXBuildFile; fileRef = C5EF884523B1E7C00001F8DB /* AzurLaneSticker StickerPackExtension.appex */; settings = {ATTRIBUTES = (RemoveHeadersOnCopy, ); }; };
		C5EF884A23B1E7C00001F8DB /* Stickers.xcstickers in Resources */ = {isa = PBXBuildFile; fileRef = C5EF884923B1E7C00001F8DB /* Stickers.xcstickers */; };
		C5EF884B23B1E7C00001F8DB /* Stickers.xcstickers in Resources */ = {isa = PBXBuildFile; fileRef = C5EF884923B1E7C00001F8DB /* Stickers.xcstickers */; };
/* End PBXBuildFile section */

/* Begin PBXContainerItemProxy section */
		C5EF884723B1E7C00001F8DB /* PBXContainerItemProxy */ = {
			isa = PBXContainerItemProxy;
			containerPortal = C5EF883B23B1E7BF0001F8DB /* Project object */;
			proxyType = 1;
			remoteGlobalIDString = C5EF884423B1E7C00001F8DB;
			remoteInfo = "AzurLaneSticker StickerPackExtension";
		};
/* End PBXContainerItemProxy section */

/* Begin PBXCopyFilesBuildPhase section */
		C5EF885123B1E7C00001F8DB /* Embed App Extensions */ = {
			isa = PBXCopyFilesBuildPhase;
			buildActionMask = 2147483647;
			dstPath = "";
			dstSubfolderSpec = 13;
			files = (
				C5EF884623B1E7C00001F8DB /* AzurLaneSticker StickerPackExtension.appex in Embed App Extensions */,
			);
			name = "Embed App Extensions";
			runOnlyForDeploymentPostprocessing = 0;
		};
/* End PBXCopyFilesBuildPhase section */

/* Begin PBXFileReference section */
		C5EF884123B1E7BF0001F8DB /* AzurLaneSticker.app */ = {isa = PBXFileReference; explicitFileType = wrapper.application; includeInIndex = 0; path = AzurLaneSticker.app; sourceTree = BUILT_PRODUCTS_DIR; };
		C5EF884523B1E7C00001F8DB /* AzurLaneSticker StickerPackExtension.appex */ = {isa = PBXFileReference; explicitFileType = "wrapper.app-extension"; includeInIndex = 0; path = "AzurLaneSticker StickerPackExtension.appex"; sourceTree = BUILT_PRODUCTS_DIR; };
		C5EF884923B1E7C00001F8DB /* Stickers.xcstickers */ = {isa = PBXFileReference; lastKnownFileType = folder.stickers; name = Stickers.xcstickers; path = "AzurLaneSticker StickerPackExtension/Stickers.xcstickers"; sourceTree = "<group>"; };
/* End PBXFileReference section */

/* Begin PBXGroup section */
		C5EF883A23B1E7BF0001F8DB = {
			isa = PBXGroup;
			children = (
				C5EF884923B1E7C00001F8DB /* Stickers.xcstickers */,
				C5EF884223B1E7BF0001F8DB /* Products */,
			);
			sourceTree = "<group>";
		};
		C5EF884223B1E7BF0001F8DB /* Products */ = {
			isa = PBXGroup;
			children = (
				C5EF884123B1E7BF0001F8DB /* AzurLaneSticker.app */,
				C5EF884523B1E7C00001F8DB /* AzurLaneSticker StickerPackExtension.appex */,
			);
			name = Products;
			sourceTree = "<group>";
		};
/* End PBXGroup section */

/* Begin PBXNativeTarget section */
		C5EF884023B1E7BF0001F8DB /* AzurLaneSticker */ = {
			isa = PBXNativeTarget;
			buildConfigurationList = C5EF885223B1E7C00001F8DB /* Build configuration list for PBXNativeTarget "AzurLaneSticker" */;
			buildPhases = (
				C5EF883F23B1E7BF0001F8DB /* Resources */,
				C5EF885123B1E7C00001F8DB /* Embed App Extensions */,
			);
			buildRules = (
			);
			dependencies = (
				C5EF884823B1E7C00001F8DB /* PBXTargetDependency */,
			);
			name = AzurLaneSticker;
			productName = AzurLaneSticker;
			productReference = C5EF884123B1E7BF0001F8DB /* AzurLaneSticker.app */;
			productType = "com.apple.product-type.application.messages";
		};
		C5EF884423B1E7C00001F8DB /* AzurLaneSticker StickerPackExtension */ = {
			isa = PBXNativeTarget;
			buildConfigurationList = C5EF884E23B1E7C00001F8DB /* Build configuration list for PBXNativeTarget "AzurLaneSticker StickerPackExtension" */;
			buildPhases = (
				C5EF884323B1E7C00001F8DB /* Resources */,
			);
			buildRules = (
			);
			dependencies = (
			);
			name = "AzurLaneSticker StickerPackExtension";
			productName = "AzurLaneSticker StickerPackExtension";
			productReference = C5EF884523B1E7C00001F8DB /* AzurLaneSticker StickerPackExtension.appex */;
			productType = "com.apple.product-type.app-extension.messages-sticker-pack";
		};
/* End PBXNativeTarget section */

/* Begin PBXProject section */
		C5EF883B23B1E7BF0001F8DB /* Project object */ = {
			isa = PBXProject;
			attributes = {
				LastUpgradeCheck = 1110;
				ORGANIZATIONNAME = "Guillaume Zhu";
				TargetAttributes = {
					C5EF884023B1E7BF0001F8DB = {
						CreatedOnToolsVersion = 11.1;
					};
					C5EF884423B1E7C00001F8DB = {
						CreatedOnToolsVersion = 11.1;
					};
				};
			};
			buildConfigurationList = C5EF883E23B1E7BF0001F8DB /* Build configuration list for PBXProject "AzurLaneSticker" */;
			compatibilityVersion = "Xcode 9.3";
			developmentRegion = en;
			hasScannedForEncodings = 0;
			knownRegions = (
				en,
				Base,
			);
			mainGroup = C5EF883A23B1E7BF0001F8DB;
			productRefGroup = C5EF884223B1E7BF0001F8DB /* Products */;
			projectDirPath = "";
			projectRoot = "";
			targets = (
				C5EF884023B1E7BF0001F8DB /* AzurLaneSticker */,
				C5EF884423B1E7C00001F8DB /* AzurLaneSticker StickerPackExtension */,
			);
		};
/* End PBXProject section */

/* Begin PBXResourcesBuildPhase section */
		C5EF883F23B1E7BF0001F8DB /* Resources */ = {
			isa = PBXResourcesBuildPhase;
			buildActionMask = 2147483647;
			files = (
				C5EF884B23B1E7C00001F8DB /* Stickers.xcstickers in Resources */,
			);
			runOnlyForDeploymentPostprocessing = 0;
		};
		C5EF884323B1E7C00001F8DB /* Resources */ = {
			isa = PBXResourcesBuildPhase;
			buildActionMask = 2147483647;
			files = (
				C5EF884A23B1E7C00001F8DB /* Stickers.xcstickers in Resources */,
			);
			runOnlyForDeploymentPostprocessing = 0;
		};
/* End PBXResourcesBuildPhase section */

/* Begin PBXTargetDependency section */
		C5EF884823B1E7C00001F8DB /* PBXTargetDependency */ = {
			isa = PBXTargetDependency;
			target = C5EF884423B1E7C00001F8DB /* AzurLaneSticker StickerPackExtension */;
			targetProxy = C5EF884723B1E7C00001F8DB /* PBXContainerItemProxy */;
		};
/* End PBXTargetDependency section */

/* Begin XCBuildConfiguration section */
		C5EF884C23B1E7C00001F8DB /* Debug */ = {
			isa = XCBuildConfiguration;
			buildSettings = {
				ALWAYS_SEARCH_USER_PATHS = NO;
				CLANG_ANALYZER_NONNULL = YES;
				CLANG_ANALYZER_NUMBER_OBJECT_CONVERSION = YES_AGGRESSIVE;
				CLANG_CXX_LANGUAGE_STANDARD = "gnu++14";
				CLANG_CXX_LIBRARY = "libc++";
				CLANG_ENABLE_MODULES = YES;
				CLANG_ENABLE_OBJC_ARC = YES;
				CLANG_ENABLE_OBJC_WEAK = YES;
				CLANG_WARN_BLOCK_CAPTURE_AUTORELEASING = YES;
				CLANG_WARN_BOOL_CONVERSION = YES;
				CLANG_WARN_COMMA = YES;
				CLANG_WARN_CONSTANT_CONVERSION = YES;
				CLANG_WARN_DEPRECATED_OBJC_IMPLEMENTATIONS = YES;
				CLANG_WARN_DIRECT_OBJC_ISA_USAGE = YES_ERROR;
				CLANG_WARN_DOCUMENTATION_COMMENTS = YES;
				CLANG_WARN_EMPTY_BODY = YES;
				CLANG_WARN_ENUM_CONVERSION = YES;
				CLANG_WARN_INFINITE_RECURSION = YES;
				CLANG_WARN_INT_CONVERSION = YES;
				CLANG_WARN_NON_LITERAL_NULL_CONVERSION = YES;
				CLANG_WARN_OBJC_IMPLICIT_RETAIN_SELF = YES;
				CLANG_WARN_OBJC_LITERAL_CONVERSION = YES;
				CLANG_WARN_OBJC_ROOT_CLASS = YES_ERROR;
				CLANG_WARN_RANGE_LOOP_ANALYSIS = YES;
				CLANG_WARN_STRICT_PROTOTYPES = YES;
				CLANG_WARN_SUSPICIOUS_MOVE = YES;
				CLANG_WARN_UNGUARDED_AVAILABILITY = YES_AGGRESSIVE;
				CLANG_WARN_UNREACHABLE_CODE = YES;
				CLANG_WARN__DUPLICATE_METHOD_MATCH = YES;
				COPY_PHASE_STRIP = NO;
				DEBUG_INFORMATION_FORMAT = dwarf;
				ENABLE_STRICT_OBJC_MSGSEND = YES;
				ENABLE_TESTABILITY = YES;
				GCC_C_LANGUAGE_STANDARD = gnu11;
				GCC_DYNAMIC_NO_PIC = NO;
				GCC_NO_COMMON_BLOCKS = YES;
				GCC_OPTIMIZATION_LEVEL = 0;
				GCC_PREPROCESSOR_DEFINITIONS = (
					"DEBUG=1",
					"$(inherited)",
				);
				GCC_WARN_64_TO_32_BIT_CONVERSION = YES;
				GCC_WARN_ABOUT_RETURN_TYPE = YES_ERROR;
				GCC_WARN_UNDECLARED_SELECTOR = YES;
				GCC_WARN_UNINITIALIZED_AUTOS = YES_AGGRESSIVE;
				GCC_WARN_UNUSED_FUNCTION = YES;
				GCC_WARN_UNUSED_VARIABLE = YES;
				IPHONEOS_DEPLOYMENT_TARGET = 10.0;
				MTL_ENABLE_DEBUG_INFO = INCLUDE_SOURCE;
				MTL_FAST_MATH = YES;
				ONLY_ACTIVE_ARCH = YES;
				SDKROOT = iphoneos;
			};
			name = Debug;
		};
		C5EF884D23B1E7C00001F8DB /* Release */ = {
			isa = XCBuildConfiguration;
			buildSettings = {
				ALWAYS_SEARCH_USER_PATHS = NO;
				CLANG_ANALYZER_NONNULL = YES;
				CLANG_ANALYZER_NUMBER_OBJECT_CONVERSION = YES_AGGRESSIVE;
				CLANG_CXX_LANGUAGE_STANDARD = "gnu++14";
				CLANG_CXX_LIBRARY = "libc++";
				CLANG_ENABLE_MODULES = YES;
				CLANG_ENABLE_OBJC_ARC = YES;
				CLANG_ENABLE_OBJC_WEAK = YES;
				CLANG_WARN_BLOCK_CAPTURE_AUTORELEASING = YES;
				CLANG_WARN_BOOL_CONVERSION = YES;
				CLANG_WARN_COMMA = YES;
				CLANG_WARN_CONSTANT_CONVERSION = YES;
				CLANG_WARN_DEPRECATED_OBJC_IMPLEMENTATIONS = YES;
				CLANG_WARN_DIRECT_OBJC_ISA_USAGE = YES_ERROR;
				CLANG_WARN_DOCUMENTATION_COMMENTS = YES;
				CLANG_WARN_EMPTY_BODY = YES;
				CLANG_WARN_ENUM_CONVERSION = YES;
				CLANG_WARN_INFINITE_RECURSION = YES;
				CLANG_WARN_INT_CONVERSION = YES;
				CLANG_WARN_NON_LITERAL_NULL_CONVERSION = YES;
				CLANG_WARN_OBJC_IMPLICIT_RETAIN_SELF = YES;
				CLANG_WARN_OBJC_LITERAL_CONVERSION = YES;
				CLANG_WARN_OBJC_ROOT_CLASS = YES_ERROR;
				CLANG_WARN_RANGE_LOOP_ANALYSIS = YES;
				CLANG_WARN_STRICT_PROTOTYPES = YES;
				CLANG_WARN_SUSPICIOUS_MOVE = YES;
				CLANG_WARN_UNGUARDED_AVAILABILITY = YES_AGGRESSIVE;
				CLANG_WARN_UNREACHABLE_CODE = YES;
				CLANG_WARN__DUPLICATE_METHOD_MATCH = YES;
				COPY_PHASE_STRIP = NO;
				DEBUG_INFORMATION_FORMAT = "dwarf-with-dsym";
				ENABLE_NS_ASSERTIONS = NO;
				ENABLE_STRICT_OBJC_MSGSEND = YES;
				GCC_C_LANGUAGE_STANDARD = gnu11;
				GCC_NO_COMMON_BLOCKS = YES;
				GCC_WARN_64_TO_32_BIT_CONVERSION = YES;
				GCC_WARN_ABOUT_RETURN_TYPE = YES_ERROR;
				GCC_WARN_UNDECLARED_SELECTOR = YES;
				GCC_WARN_UNINITIALIZED_AUTOS = YES_AGGRESSIVE;
				GCC_WARN_UNUSED_FUNCTION = YES;
				GCC_WARN_UNUSED_VARIABLE = YES;
				IPHONEOS_DEPLOYMENT_TARGET = 10.0;
				MTL_ENABLE_DEBUG_INFO = NO;
				MTL_FAST_MATH = YES;
				SDKROOT = iphoneos;
				VALIDATE_PRODUCT = YES;
			};
			name = Release;
		};
		C5EF884F23B1E7C00001F8DB /* Debug */ = {
			isa = XCBuildConfiguration;
			buildSettings = {
				ASSETCATALOG_COMPILER_APPICON_NAME = "iMessage App Icon";
				CODE_SIGN_IDENTITY = "iPhone Developer";
				CODE_SIGN_STYLE = Manual;
				CURRENT_PROJECT_VERSION = 1.2;
				DEVELOPMENT_TEAM = 42D597HQZL;
				INFOPLIST_FILE = "AzurLaneSticker StickerPackExtension/Info.plist";
				IPHONEOS_DEPLOYMENT_TARGET = 10.0;
				PRODUCT_BUNDLE_IDENTIFIER = com.YoStarEN.AzurLane.Sticker.PackExtension;
				PRODUCT_NAME = "$(TARGET_NAME)";
				PROVISIONING_PROFILE_SPECIFIER = AzurLaneStickerPackExtension.dev;
				SKIP_INSTALL = YES;
				TARGETED_DEVICE_FAMILY = "1,2";
			};
			name = Debug;
		};
		C5EF885023B1E7C00001F8DB /* Release */ = {
			isa = XCBuildConfiguration;
			buildSettings = {
				ASSETCATALOG_COMPILER_APPICON_NAME = "iMessage App Icon";
				CODE_SIGN_IDENTITY = "iPhone Developer";
				CODE_SIGN_STYLE = Manual;
				CURRENT_PROJECT_VERSION = 1.2;
				DEVELOPMENT_TEAM = 42D597HQZL;
				INFOPLIST_FILE = "AzurLaneSticker StickerPackExtension/Info.plist";
				IPHONEOS_DEPLOYMENT_TARGET = 10.0;
				PRODUCT_BUNDLE_IDENTIFIER = com.YoStarEN.AzurLane.Sticker.PackExtension;
				PRODUCT_NAME = "$(TARGET_NAME)";
				PROVISIONING_PROFILE_SPECIFIER = AzurLaneStickerPackExtension.dev;
				SKIP_INSTALL = YES;
				TARGETED_DEVICE_FAMILY = "1,2";
			};
			name = Release;
		};
		C5EF885323B1E7C00001F8DB /* Debug */ = {
			isa = XCBuildConfiguration;
			buildSettings = {
				ASSETCATALOG_COMPILER_APPICON_NAME = "iMessage App Icon";
				CODE_SIGN_IDENTITY = "iPhone Developer";
				CODE_SIGN_STYLE = Manual;
				CURRENT_PROJECT_VERSION = 1.2;
				DEVELOPMENT_TEAM = 42D597HQZL;
				INFOPLIST_FILE = AzurLaneSticker/Info.plist;
				IPHONEOS_DEPLOYMENT_TARGET = 10.0;
				PRODUCT_BUNDLE_IDENTIFIER = com.YoStarEN.AzurLane.Sticker;
				PRODUCT_NAME = "$(TARGET_NAME)";
				PROVISIONING_PROFILE_SPECIFIER = AzurLaneSticker.dev;
				TARGETED_DEVICE_FAMILY = "1,2";
			};
			name = Debug;
		};
		C5EF885423B1E7C00001F8DB /* Release */ = {
			isa = XCBuildConfiguration;
			buildSettings = {
				ASSETCATALOG_COMPILER_APPICON_NAME = "iMessage App Icon";
				CODE_SIGN_IDENTITY = "iPhone Developer";
				CODE_SIGN_STYLE = Manual;
				CURRENT_PROJECT_VERSION = 1.2;
				DEVELOPMENT_TEAM = 42D597HQZL;
				INFOPLIST_FILE = AzurLaneSticker/Info.plist;
				IPHONEOS_DEPLOYMENT_TARGET = 10.0;
				PRODUCT_BUNDLE_IDENTIFIER = com.YoStarEN.AzurLane.Sticker;
				PRODUCT_NAME = "$(TARGET_NAME)";
				PROVISIONING_PROFILE_SPECIFIER = AzurLaneSticker.dev;
				TARGETED_DEVICE_FAMILY = "1,2";
			};
			name = Release;
		};
/* End XCBuildConfiguration section */

/* Begin XCConfigurationList section */
		C5EF883E23B1E7BF0001F8DB /* Build configuration list for PBXProject "AzurLaneSticker" */ = {
			isa = XCConfigurationList;
			buildConfigurations = (
				C5EF884C23B1E7C00001F8DB /* Debug */,
				C5EF884D23B1E7C00001F8DB /* Release */,
			);
			defaultConfigurationIsVisible = 0;
			defaultConfigurationName = Release;
		};
		C5EF884E23B1E7C00001F8DB /* Build configuration list for PBXNativeTarget "AzurLaneSticker StickerPackExtension" */ = {
			isa = XCConfigurationList;
			buildConfigurations = (
				C5EF884F23B1E7C00001F8DB /* Debug */,
				C5EF885023B1E7C00001F8DB /* Release */,
			);
			defaultConfigurationIsVisible = 0;
			defaultConfigurationName = Release;
		};
		C5EF885223B1E7C00001F8DB /* Build configuration list for PBXNativeTarget "AzurLaneSticker" */ = {
			isa = XCConfigurationList;
			buildConfigurations = (
				C5EF885323B1E7C00001F8DB /* Debug */,
				C5EF885423B1E7C00001F8DB /* Release */,
			);
			defaultConfigurationIsVisible = 0;
			defaultConfigurationName = Release;
		};
/* End XCConfigurationList section */
	};
	rootObject = C5EF883B23B1E7BF0001F8DB /* Project object */;
}
